
Microsoft Visual Studio Solution File, Format Version 12.00
# Visual Studio Version 17
VisualStudioVersion = 17.8.34511.84
MinimumVisualStudioVersion = 10.0.40219.1
Project("{2150E333-8FDC-42A3-9474-1A3956D46DE8}") = "Catalog", "Catalog", "{B7ADFD92-297B-43B4-A332-9F2BF161D093}"
EndProject
Project("{9A19103F-16F7-4668-BE54-9A1E7A4F7556}") = "Catalog.API", "Catalog\Catalog.API\Catalog.API.csproj", "{936FFC2E-C14F-4FF8-8800-5A3A1D805A94}"
EndProject
Project("{9A19103F-16F7-4668-BE54-9A1E7A4F7556}") = "Catalog.Domain", "Catalog\Catalog.Domain\Catalog.Domain.csproj", "{B713998E-F722-453D-B3FB-7C245435D7A1}"
EndProject
Project("{9A19103F-16F7-4668-BE54-9A1E7A4F7556}") = "Catalog.Core", "Catalog\Catalog.Core\Catalog.Core.csproj", "{A2003B76-52FF-44C4-AD2A-CBDFF55C37CA}"
EndProject
Project("{9A19103F-16F7-4668-BE54-9A1E7A4F7556}") = "Catalog.DataAccess", "Catalog\Catalog.Data\Catalog.DataAccess.csproj", "{47558BF8-E194-43EE-A789-DCBF594A5D30}"
EndProject
Project("{9A19103F-16F7-4668-BE54-9A1E7A4F7556}") = "Catalog.Application", "Catalog\Catalog.Application\Catalog.Application.csproj", "{D10DFF83-1174-4B27-8463-823825905B85}"
EndProject
Project("{2150E333-8FDC-42A3-9474-1A3956D46DE8}") = "Identity", "Identity", "{6B80383D-DFE9-46AC-95FB-6524299F9649}"
EndProject
Project("{9A19103F-16F7-4668-BE54-9A1E7A4F7556}") = "IdentityServer", "Identity\IdentityServer\IdentityServer.csproj", "{BED7B283-69C4-4D8A-9198-EF294F3C240B}"
EndProject
Project("{2150E333-8FDC-42A3-9474-1A3956D46DE8}") = "BFF", "BFF", "{29FE7B30-D784-4BE0-99A9-6921F4A7F3BB}"
EndProject
Project("{9A19103F-16F7-4668-BE54-9A1E7A4F7556}") = "BFF.Web", "BFF\BFF.Web\BFF.Web.csproj", "{386A1F99-0A22-4BF3-A300-E179B31D23B7}"
EndProject
Project("{2150E333-8FDC-42A3-9474-1A3956D46DE8}") = "Basket", "Basket", "{D804500B-3D1D-4F1D-8CA0-82BC70432DB7}"
EndProject
Project("{9A19103F-16F7-4668-BE54-9A1E7A4F7556}") = "Basket.API", "Basket\Basket.API\Basket.API.csproj", "{DD6AFFFD-4148-44C7-B732-B46731E825FA}"
EndProject
Project("{9A19103F-16F7-4668-BE54-9A1E7A4F7556}") = "Basket.Core", "Basket\Basket.Core\Basket.Core.csproj", "{F6D78CEC-15EE-4D5A-849D-C5F56FAAE74E}"
EndProject
Project("{9A19103F-16F7-4668-BE54-9A1E7A4F7556}") = "Basket.Domain", "Basket\Basket.Domain\Basket.Domain.csproj", "{8E8A0F33-CA10-4923-ADC6-7F456DB17226}"
EndProject
Project("{2150E333-8FDC-42A3-9474-1A3956D46DE8}") = "Ordering", "Ordering", "{064D984E-5522-474E-BCD9-5AD8FE7B2016}"
EndProject
Project("{9A19103F-16F7-4668-BE54-9A1E7A4F7556}") = "Ordering.API", "Ordering\Ordering.API\Ordering.API.csproj", "{E1E8B09D-C89F-4869-A20E-933F9C3B8C21}"
EndProject
Project("{9A19103F-16F7-4668-BE54-9A1E7A4F7556}") = "Ordering.DataAccess", "Ordering\Ordering.DataAccess\Ordering.DataAccess.csproj", "{F8E77878-2975-434B-A367-BF83DF49AEF6}"
EndProject
Project("{9A19103F-16F7-4668-BE54-9A1E7A4F7556}") = "Ordering.Core", "Ordering\Ordering.Core\Ordering.Core.csproj", "{55766949-33D7-4499-8C95-AD8976682484}"
EndProject
Project("{9A19103F-16F7-4668-BE54-9A1E7A4F7556}") = "Ordering.Application", "Ordering\Ordering.Application\Ordering.Application.csproj", "{887D72A0-FD7B-4EE0-92D0-F95D0CC91AA1}"
EndProject
Project("{9A19103F-16F7-4668-BE54-9A1E7A4F7556}") = "Ordering.Domain", "Ordering\Ordering.Domain\Ordering.Domain.csproj", "{679C9349-BD15-4165-855D-AE2BE1CCE64E}"
EndProject
Project("{9A19103F-16F7-4668-BE54-9A1E7A4F7556}") = "Basket.Application", "Basket\Basket.Application\Basket.Application.csproj", "{952F53FE-38F8-48A4-A7D2-B5FF7D5423D1}"
EndProject
Project("{2150E333-8FDC-42A3-9474-1A3956D46DE8}") = "Common", "Common", "{F3F88469-2155-41E5-8332-404A943A725E}"
EndProject
Project("{9A19103F-16F7-4668-BE54-9A1E7A4F7556}") = "Settings", "Common\Settings\Settings.csproj", "{C55CB11A-3B3A-467A-8677-2A6F196323A3}"
EndProject
Project("{9A19103F-16F7-4668-BE54-9A1E7A4F7556}") = "Helpers", "Common\Helpers\Helpers.csproj", "{D58B62D6-D0FE-4F2E-A0C6-806A380BA0ED}"
EndProject
Project("{9A19103F-16F7-4668-BE54-9A1E7A4F7556}") = "Catalog.Tests", "Catalog\Catalog.Tests\Catalog.Tests.csproj", "{C0EDE9DD-236A-4A85-9D49-E862540276C0}"
EndProject
Project("{9A19103F-16F7-4668-BE54-9A1E7A4F7556}") = "Basket.Tests", "Basket\Basket.Tests\Basket.Tests.csproj", "{11BD80E0-6912-41E9-94D8-A6F40F81A6BD}"
EndProject
Project("{9A19103F-16F7-4668-BE54-9A1E7A4F7556}") = "Ordering.Tests", "Ordering\Ordering.Tests\Ordering.Tests.csproj", "{742073F0-5AB8-4319-BF28-65A929300B9B}"
EndProject
Project("{9A19103F-16F7-4668-BE54-9A1E7A4F7556}") = "BFF.Tests", "BFF\BFF.Tests\BFF.Tests.csproj", "{0BC3B59E-2187-4015-988A-579C12E90D7B}"
EndProject
Project("{2150E333-8FDC-42A3-9474-1A3956D46DE8}") = "Web", "Web", "{1D9CE0E7-D398-4559-8BE5-9DB949CAF9A4}"
EndProject
Project("{9A19103F-16F7-4668-BE54-9A1E7A4F7556}") = "WebApp", "Web\WebApp\WebApp.csproj", "{539FBAB2-C276-4416-9354-9D4522C1726E}"
EndProject
Project("{FAE04EC0-301F-11D3-BF4B-00C04F79EFBC}") = "WebApp.Tests", "Web\WebApp.Tests\WebApp.Tests.csproj", "{6CA49E78-03FA-4283-B168-3A54BE5710A4}"
EndProject
Global
	GlobalSection(SolutionConfigurationPlatforms) = preSolution
		Debug|Any CPU = Debug|Any CPU
		Release|Any CPU = Release|Any CPU
	EndGlobalSection
	GlobalSection(ProjectConfigurationPlatforms) = postSolution
		{936FFC2E-C14F-4FF8-8800-5A3A1D805A94}.Debug|Any CPU.ActiveCfg = Debug|Any CPU
		{936FFC2E-C14F-4FF8-8800-5A3A1D805A94}.Debug|Any CPU.Build.0 = Debug|Any CPU
		{936FFC2E-C14F-4FF8-8800-5A3A1D805A94}.Release|Any CPU.ActiveCfg = Release|Any CPU
		{936FFC2E-C14F-4FF8-8800-5A3A1D805A94}.Release|Any CPU.Build.0 = Release|Any CPU
		{B713998E-F722-453D-B3FB-7C245435D7A1}.Debug|Any CPU.ActiveCfg = Debug|Any CPU
		{B713998E-F722-453D-B3FB-7C245435D7A1}.Debug|Any CPU.Build.0 = Debug|Any CPU
		{B713998E-F722-453D-B3FB-7C245435D7A1}.Release|Any CPU.ActiveCfg = Release|Any CPU
		{B713998E-F722-453D-B3FB-7C245435D7A1}.Release|Any CPU.Build.0 = Release|Any CPU
		{A2003B76-52FF-44C4-AD2A-CBDFF55C37CA}.Debug|Any CPU.ActiveCfg = Debug|Any CPU
		{A2003B76-52FF-44C4-AD2A-CBDFF55C37CA}.Debug|Any CPU.Build.0 = Debug|Any CPU
		{A2003B76-52FF-44C4-AD2A-CBDFF55C37CA}.Release|Any CPU.ActiveCfg = Release|Any CPU
		{A2003B76-52FF-44C4-AD2A-CBDFF55C37CA}.Release|Any CPU.Build.0 = Release|Any CPU
		{47558BF8-E194-43EE-A789-DCBF594A5D30}.Debug|Any CPU.ActiveCfg = Debug|Any CPU
		{47558BF8-E194-43EE-A789-DCBF594A5D30}.Debug|Any CPU.Build.0 = Debug|Any CPU
		{47558BF8-E194-43EE-A789-DCBF594A5D30}.Release|Any CPU.ActiveCfg = Release|Any CPU
		{47558BF8-E194-43EE-A789-DCBF594A5D30}.Release|Any CPU.Build.0 = Release|Any CPU
		{D10DFF83-1174-4B27-8463-823825905B85}.Debug|Any CPU.ActiveCfg = Debug|Any CPU
		{D10DFF83-1174-4B27-8463-823825905B85}.Debug|Any CPU.Build.0 = Debug|Any CPU
		{D10DFF83-1174-4B27-8463-823825905B85}.Release|Any CPU.ActiveCfg = Release|Any CPU
		{D10DFF83-1174-4B27-8463-823825905B85}.Release|Any CPU.Build.0 = Release|Any CPU
		{BED7B283-69C4-4D8A-9198-EF294F3C240B}.Debug|Any CPU.ActiveCfg = Debug|Any CPU
		{BED7B283-69C4-4D8A-9198-EF294F3C240B}.Debug|Any CPU.Build.0 = Debug|Any CPU
		{BED7B283-69C4-4D8A-9198-EF294F3C240B}.Release|Any CPU.ActiveCfg = Release|Any CPU
		{BED7B283-69C4-4D8A-9198-EF294F3C240B}.Release|Any CPU.Build.0 = Release|Any CPU
		{386A1F99-0A22-4BF3-A300-E179B31D23B7}.Debug|Any CPU.ActiveCfg = Debug|Any CPU
		{386A1F99-0A22-4BF3-A300-E179B31D23B7}.Debug|Any CPU.Build.0 = Debug|Any CPU
		{386A1F99-0A22-4BF3-A300-E179B31D23B7}.Release|Any CPU.ActiveCfg = Release|Any CPU
		{386A1F99-0A22-4BF3-A300-E179B31D23B7}.Release|Any CPU.Build.0 = Release|Any CPU
		{DD6AFFFD-4148-44C7-B732-B46731E825FA}.Debug|Any CPU.ActiveCfg = Debug|Any CPU
		{DD6AFFFD-4148-44C7-B732-B46731E825FA}.Debug|Any CPU.Build.0 = Debug|Any CPU
		{DD6AFFFD-4148-44C7-B732-B46731E825FA}.Release|Any CPU.ActiveCfg = Release|Any CPU
		{DD6AFFFD-4148-44C7-B732-B46731E825FA}.Release|Any CPU.Build.0 = Release|Any CPU
		{F6D78CEC-15EE-4D5A-849D-C5F56FAAE74E}.Debug|Any CPU.ActiveCfg = Debug|Any CPU
		{F6D78CEC-15EE-4D5A-849D-C5F56FAAE74E}.Debug|Any CPU.Build.0 = Debug|Any CPU
		{F6D78CEC-15EE-4D5A-849D-C5F56FAAE74E}.Release|Any CPU.ActiveCfg = Release|Any CPU
		{F6D78CEC-15EE-4D5A-849D-C5F56FAAE74E}.Release|Any CPU.Build.0 = Release|Any CPU
		{8E8A0F33-CA10-4923-ADC6-7F456DB17226}.Debug|Any CPU.ActiveCfg = Debug|Any CPU
		{8E8A0F33-CA10-4923-ADC6-7F456DB17226}.Debug|Any CPU.Build.0 = Debug|Any CPU
		{8E8A0F33-CA10-4923-ADC6-7F456DB17226}.Release|Any CPU.ActiveCfg = Release|Any CPU
		{8E8A0F33-CA10-4923-ADC6-7F456DB17226}.Release|Any CPU.Build.0 = Release|Any CPU
		{E1E8B09D-C89F-4869-A20E-933F9C3B8C21}.Debug|Any CPU.ActiveCfg = Debug|Any CPU
		{E1E8B09D-C89F-4869-A20E-933F9C3B8C21}.Debug|Any CPU.Build.0 = Debug|Any CPU
		{E1E8B09D-C89F-4869-A20E-933F9C3B8C21}.Release|Any CPU.ActiveCfg = Release|Any CPU
		{E1E8B09D-C89F-4869-A20E-933F9C3B8C21}.Release|Any CPU.Build.0 = Release|Any CPU
		{F8E77878-2975-434B-A367-BF83DF49AEF6}.Debug|Any CPU.ActiveCfg = Debug|Any CPU
		{F8E77878-2975-434B-A367-BF83DF49AEF6}.Debug|Any CPU.Build.0 = Debug|Any CPU
		{F8E77878-2975-434B-A367-BF83DF49AEF6}.Release|Any CPU.ActiveCfg = Release|Any CPU
		{F8E77878-2975-434B-A367-BF83DF49AEF6}.Release|Any CPU.Build.0 = Release|Any CPU
		{55766949-33D7-4499-8C95-AD8976682484}.Debug|Any CPU.ActiveCfg = Debug|Any CPU
		{55766949-33D7-4499-8C95-AD8976682484}.Debug|Any CPU.Build.0 = Debug|Any CPU
		{55766949-33D7-4499-8C95-AD8976682484}.Release|Any CPU.ActiveCfg = Release|Any CPU
		{55766949-33D7-4499-8C95-AD8976682484}.Release|Any CPU.Build.0 = Release|Any CPU
		{887D72A0-FD7B-4EE0-92D0-F95D0CC91AA1}.Debug|Any CPU.ActiveCfg = Debug|Any CPU
		{887D72A0-FD7B-4EE0-92D0-F95D0CC91AA1}.Debug|Any CPU.Build.0 = Debug|Any CPU
		{887D72A0-FD7B-4EE0-92D0-F95D0CC91AA1}.Release|Any CPU.ActiveCfg = Release|Any CPU
		{887D72A0-FD7B-4EE0-92D0-F95D0CC91AA1}.Release|Any CPU.Build.0 = Release|Any CPU
		{679C9349-BD15-4165-855D-AE2BE1CCE64E}.Debug|Any CPU.ActiveCfg = Debug|Any CPU
		{679C9349-BD15-4165-855D-AE2BE1CCE64E}.Debug|Any CPU.Build.0 = Debug|Any CPU
		{679C9349-BD15-4165-855D-AE2BE1CCE64E}.Release|Any CPU.ActiveCfg = Release|Any CPU
		{679C9349-BD15-4165-855D-AE2BE1CCE64E}.Release|Any CPU.Build.0 = Release|Any CPU
		{952F53FE-38F8-48A4-A7D2-B5FF7D5423D1}.Debug|Any CPU.ActiveCfg = Debug|Any CPU
		{952F53FE-38F8-48A4-A7D2-B5FF7D5423D1}.Debug|Any CPU.Build.0 = Debug|Any CPU
		{952F53FE-38F8-48A4-A7D2-B5FF7D5423D1}.Release|Any CPU.ActiveCfg = Release|Any CPU
		{952F53FE-38F8-48A4-A7D2-B5FF7D5423D1}.Release|Any CPU.Build.0 = Release|Any CPU
		{C55CB11A-3B3A-467A-8677-2A6F196323A3}.Debug|Any CPU.ActiveCfg = Debug|Any CPU
		{C55CB11A-3B3A-467A-8677-2A6F196323A3}.Debug|Any CPU.Build.0 = Debug|Any CPU
		{C55CB11A-3B3A-467A-8677-2A6F196323A3}.Release|Any CPU.ActiveCfg = Release|Any CPU
		{C55CB11A-3B3A-467A-8677-2A6F196323A3}.Release|Any CPU.Build.0 = Release|Any CPU
		{D58B62D6-D0FE-4F2E-A0C6-806A380BA0ED}.Debug|Any CPU.ActiveCfg = Debug|Any CPU
		{D58B62D6-D0FE-4F2E-A0C6-806A380BA0ED}.Debug|Any CPU.Build.0 = Debug|Any CPU
		{D58B62D6-D0FE-4F2E-A0C6-806A380BA0ED}.Release|Any CPU.ActiveCfg = Release|Any CPU
		{D58B62D6-D0FE-4F2E-A0C6-806A380BA0ED}.Release|Any CPU.Build.0 = Release|Any CPU
		{C0EDE9DD-236A-4A85-9D49-E862540276C0}.Debug|Any CPU.ActiveCfg = Debug|Any CPU
		{C0EDE9DD-236A-4A85-9D49-E862540276C0}.Debug|Any CPU.Build.0 = Debug|Any CPU
		{C0EDE9DD-236A-4A85-9D49-E862540276C0}.Release|Any CPU.ActiveCfg = Release|Any CPU
		{C0EDE9DD-236A-4A85-9D49-E862540276C0}.Release|Any CPU.Build.0 = Release|Any CPU
		{11BD80E0-6912-41E9-94D8-A6F40F81A6BD}.Debug|Any CPU.ActiveCfg = Debug|Any CPU
		{11BD80E0-6912-41E9-94D8-A6F40F81A6BD}.Debug|Any CPU.Build.0 = Debug|Any CPU
		{11BD80E0-6912-41E9-94D8-A6F40F81A6BD}.Release|Any CPU.ActiveCfg = Release|Any CPU
		{11BD80E0-6912-41E9-94D8-A6F40F81A6BD}.Release|Any CPU.Build.0 = Release|Any CPU
		{742073F0-5AB8-4319-BF28-65A929300B9B}.Debug|Any CPU.ActiveCfg = Debug|Any CPU
		{742073F0-5AB8-4319-BF28-65A929300B9B}.Debug|Any CPU.Build.0 = Debug|Any CPU
		{742073F0-5AB8-4319-BF28-65A929300B9B}.Release|Any CPU.ActiveCfg = Release|Any CPU
		{742073F0-5AB8-4319-BF28-65A929300B9B}.Release|Any CPU.Build.0 = Release|Any CPU
		{0BC3B59E-2187-4015-988A-579C12E90D7B}.Debug|Any CPU.ActiveCfg = Debug|Any CPU
		{0BC3B59E-2187-4015-988A-579C12E90D7B}.Debug|Any CPU.Build.0 = Debug|Any CPU
		{0BC3B59E-2187-4015-988A-579C12E90D7B}.Release|Any CPU.ActiveCfg = Release|Any CPU
		{0BC3B59E-2187-4015-988A-579C12E90D7B}.Release|Any CPU.Build.0 = Release|Any CPU
		{539FBAB2-C276-4416-9354-9D4522C1726E}.Debug|Any CPU.ActiveCfg = Debug|Any CPU
		{539FBAB2-C276-4416-9354-9D4522C1726E}.Debug|Any CPU.Build.0 = Debug|Any CPU
		{539FBAB2-C276-4416-9354-9D4522C1726E}.Release|Any CPU.ActiveCfg = Release|Any CPU
		{539FBAB2-C276-4416-9354-9D4522C1726E}.Release|Any CPU.Build.0 = Release|Any CPU
		{6CA49E78-03FA-4283-B168-3A54BE5710A4}.Debug|Any CPU.ActiveCfg = Debug|Any CPU
		{6CA49E78-03FA-4283-B168-3A54BE5710A4}.Debug|Any CPU.Build.0 = Debug|Any CPU
		{6CA49E78-03FA-4283-B168-3A54BE5710A4}.Release|Any CPU.ActiveCfg = Release|Any CPU
		{6CA49E78-03FA-4283-B168-3A54BE5710A4}.Release|Any CPU.Build.0 = Release|Any CPU
	EndGlobalSection
	GlobalSection(SolutionProperties) = preSolution
		HideSolutionNode = FALSE
	EndGlobalSection
	GlobalSection(NestedProjects) = preSolution
		{936FFC2E-C14F-4FF8-8800-5A3A1D805A94} = {B7ADFD92-297B-43B4-A332-9F2BF161D093}
		{B713998E-F722-453D-B3FB-7C245435D7A1} = {B7ADFD92-297B-43B4-A332-9F2BF161D093}
		{A2003B76-52FF-44C4-AD2A-CBDFF55C37CA} = {B7ADFD92-297B-43B4-A332-9F2BF161D093}
		{47558BF8-E194-43EE-A789-DCBF594A5D30} = {B7ADFD92-297B-43B4-A332-9F2BF161D093}
		{D10DFF83-1174-4B27-8463-823825905B85} = {B7ADFD92-297B-43B4-A332-9F2BF161D093}
		{BED7B283-69C4-4D8A-9198-EF294F3C240B} = {6B80383D-DFE9-46AC-95FB-6524299F9649}
		{386A1F99-0A22-4BF3-A300-E179B31D23B7} = {29FE7B30-D784-4BE0-99A9-6921F4A7F3BB}
		{DD6AFFFD-4148-44C7-B732-B46731E825FA} = {D804500B-3D1D-4F1D-8CA0-82BC70432DB7}
		{F6D78CEC-15EE-4D5A-849D-C5F56FAAE74E} = {D804500B-3D1D-4F1D-8CA0-82BC70432DB7}
		{8E8A0F33-CA10-4923-ADC6-7F456DB17226} = {D804500B-3D1D-4F1D-8CA0-82BC70432DB7}
		{E1E8B09D-C89F-4869-A20E-933F9C3B8C21} = {064D984E-5522-474E-BCD9-5AD8FE7B2016}
		{F8E77878-2975-434B-A367-BF83DF49AEF6} = {064D984E-5522-474E-BCD9-5AD8FE7B2016}
		{55766949-33D7-4499-8C95-AD8976682484} = {064D984E-5522-474E-BCD9-5AD8FE7B2016}
		{887D72A0-FD7B-4EE0-92D0-F95D0CC91AA1} = {064D984E-5522-474E-BCD9-5AD8FE7B2016}
		{679C9349-BD15-4165-855D-AE2BE1CCE64E} = {064D984E-5522-474E-BCD9-5AD8FE7B2016}
		{952F53FE-38F8-48A4-A7D2-B5FF7D5423D1} = {D804500B-3D1D-4F1D-8CA0-82BC70432DB7}
		{C55CB11A-3B3A-467A-8677-2A6F196323A3} = {F3F88469-2155-41E5-8332-404A943A725E}
		{D58B62D6-D0FE-4F2E-A0C6-806A380BA0ED} = {F3F88469-2155-41E5-8332-404A943A725E}
		{C0EDE9DD-236A-4A85-9D49-E862540276C0} = {B7ADFD92-297B-43B4-A332-9F2BF161D093}
		{11BD80E0-6912-41E9-94D8-A6F40F81A6BD} = {D804500B-3D1D-4F1D-8CA0-82BC70432DB7}
		{742073F0-5AB8-4319-BF28-65A929300B9B} = {064D984E-5522-474E-BCD9-5AD8FE7B2016}
		{0BC3B59E-2187-4015-988A-579C12E90D7B} = {29FE7B30-D784-4BE0-99A9-6921F4A7F3BB}
		{539FBAB2-C276-4416-9354-9D4522C1726E} = {1D9CE0E7-D398-4559-8BE5-9DB949CAF9A4}
		{6CA49E78-03FA-4283-B168-3A54BE5710A4} = {1D9CE0E7-D398-4559-8BE5-9DB949CAF9A4}
	EndGlobalSection
	GlobalSection(ExtensibilityGlobals) = postSolution
		SolutionGuid = {384E27E0-63BF-4899-B808-19EDADB8EA5D}
	EndGlobalSection
EndGlobal
